<?xml version="1.0" encoding="utf-8"?>
<Project ToolsVersion="4.0" xmlns="http://schemas.microsoft.com/developer/msbuild/2003">
  <ItemGroup>
    <ClInclude Include="CascadedOperation.h">
      <Filter>CascadedOperations</Filter>
    </ClInclude>
    <ClInclude Include="SuperSealOperation.h">
      <Filter>CascadedOperations</Filter>
    </ClInclude>
    <ClInclude Include="CascadedTransformations.h">
      <Filter>CascadedOperations</Filter>
    </ClInclude>
    <ClInclude Include="CascadedFilters.h">
      <Filter>CascadedOperations</Filter>
    </ClInclude>
  </ItemGroup>
  <ItemGroup>
    <None Include="packages.config" />
  </ItemGroup>
  <ItemGroup>
    <Filter Include="CascadedOperations">
      <UniqueIdentifier>{f38a1654-70a1-4449-b0a5-869f7bd29d8c}</UniqueIdentifier>
    </Filter>
    <Filter Include="FsmDesign">
      <UniqueIdentifier>{e682a82c-7327-42ed-a11c-035899059cc0}</UniqueIdentifier>
    </Filter>
  </ItemGroup>
</Project>